
Microsoft Visual Studio Solution File, Format Version 12.00
# Visual Studio Version 17
VisualStudioVersion = 17.2.32630.192
MinimumVisualStudioVersion = 10.0.40219.1
Project("{FAE04EC0-301F-11D3-BF4B-00C04F79EFBC}") = "ChirpusPizzaLab", "ChirpusPizzaLab\ChirpusPizzaLab.csproj", "{857D5D96-3CFB-4E89-8047-5DD083320667}"
EndProject
Global
	GlobalSection(SolutionConfigurationPlatforms) = preSolution
		Debug|Any CPU = Debug|Any CPU
		Release|Any CPU = Release|Any CPU
	EndGlobalSection
	GlobalSection(ProjectConfigurationPlatforms) = postSolution
		{857D5D96-3CFB-4E89-8047-5DD083320667}.Debug|Any CPU.ActiveCfg = Debug|Any CPU
		{857D5D96-3CFB-4E89-8047-5DD083320667}.Debug|Any CPU.Build.0 = Debug|Any CPU
		{857D5D96-3CFB-4E89-8047-5DD083320667}.Release|Any CPU.ActiveCfg = Release|Any CPU
		{857D5D96-3CFB-4E89-8047-5DD083320667}.Release|Any CPU.Build.0 = Release|Any CPU
	EndGlobalSection
	GlobalSection(SolutionProperties) = preSolution
		HideSolutionNode = FALSE
	EndGlobalSection
	GlobalSection(ExtensibilityGlobals) = postSolution
		SolutionGuid = {0FB90EC1-3CB6-45BE-8ECD-3A7F094DB131}
	EndGlobalSection
EndGlobal
